
Microsoft Visual Studio Solution File, Format Version 12.00
# Visual Studio 15
VisualStudioVersion = 15.0.27130.2026
MinimumVisualStudioVersion = 10.0.40219.1
Project("{FAE04EC0-301F-11D3-BF4B-00C04F79EFBC}") = "ghgl", "ghgl.csproj", "{48D4FF98-7772-4B59-88E2-7176F2E177CB}"
EndProject
Global
	GlobalSection(SolutionConfigurationPlatforms) = preSolution
		Debug|Any CPU = Debug|Any CPU
		Release|Any CPU = Release|Any CPU
	EndGlobalSection
	GlobalSection(ProjectConfigurationPlatforms) = postSolution
		{48D4FF98-7772-4B59-88E2-7176F2E177CB}.Debug|Any CPU.ActiveCfg = Debug|Any CPU
		{48D4FF98-7772-4B59-88E2-7176F2E177CB}.Debug|Any CPU.Build.0 = Debug|Any CPU
		{48D4FF98-7772-4B59-88E2-7176F2E177CB}.Release|Any CPU.ActiveCfg = Release|Any CPU
		{48D4FF98-7772-4B59-88E2-7176F2E177CB}.Release|Any CPU.Build.0 = Release|Any CPU
	EndGlobalSection
	GlobalSection(SolutionProperties) = preSolution
		HideSolutionNode = FALSE
	EndGlobalSection
	GlobalSection(ExtensibilityGlobals) = postSolution
		SolutionGuid = {D12462FC-A09D-4E5C-A592-F9EDAF122284}
	EndGlobalSection
EndGlobal
